
Microsoft Visual Studio Solution File, Format Version 12.00
# Visual Studio Version 16
VisualStudioVersion = 16.0.31911.196
MinimumVisualStudioVersion = 10.0.40219.1
Project("{FAE04EC0-301F-11D3-BF4B-00C04F79EFBC}") = "TestCars", "TestCars\TestCars.csproj", "{7117C9DF-4D5D-40E6-8D3B-0E7165948896}"
EndProject
Global
	GlobalSection(SolutionConfigurationPlatforms) = preSolution
		Debug|Any CPU = Debug|Any CPU
		Release|Any CPU = Release|Any CPU
	EndGlobalSection
	GlobalSection(ProjectConfigurationPlatforms) = postSolution
		{7117C9DF-4D5D-40E6-8D3B-0E7165948896}.Debug|Any CPU.ActiveCfg = Debug|Any CPU
		{7117C9DF-4D5D-40E6-8D3B-0E7165948896}.Debug|Any CPU.Build.0 = Debug|Any CPU
		{7117C9DF-4D5D-40E6-8D3B-0E7165948896}.Release|Any CPU.ActiveCfg = Release|Any CPU
		{7117C9DF-4D5D-40E6-8D3B-0E7165948896}.Release|Any CPU.Build.0 = Release|Any CPU
	EndGlobalSection
	GlobalSection(SolutionProperties) = preSolution
		HideSolutionNode = FALSE
	EndGlobalSection
	GlobalSection(ExtensibilityGlobals) = postSolution
		SolutionGuid = {40608356-8D24-4267-8773-58604C07765C}
	EndGlobalSection
EndGlobal
